dependencies:
- name: crds
  repository: ""
  version: 0.0.0
- name: kube-state-metrics
  repository: ""
  version: 5.25.*
- name: prometheus-node-exporter
  repository: ""
  version: 4.39.*
- name: grafana
  repository: ""
  version: 8.5.*
- name: prometheus-windows-exporter
  repository: ""
  version: 0.6.*
digest: sha256:c6ff48e8305863d3d8678da03d192246a94d9c230403a408fb610661e2d53ee6
generated: "2024-11-01T21:59:20.915479-04:00"
